
Microsoft Visual Studio Solution File, Format Version 12.00
# Visual Studio Version 17
VisualStudioVersion = 17.4.33213.308
MinimumVisualStudioVersion = 10.0.40219.1
Project("{FAE04EC0-301F-11D3-BF4B-00C04F79EFBC}") = "DistrLB", "DistrLB.csproj", "{1F35B147-5D54-4470-9576-9EC6A763BD63}"
EndProject
Global
	GlobalSection(SolutionConfigurationPlatforms) = preSolution
		Debug|Any CPU = Debug|Any CPU
		Release|Any CPU = Release|Any CPU
	EndGlobalSection
	GlobalSection(ProjectConfigurationPlatforms) = postSolution
		{1F35B147-5D54-4470-9576-9EC6A763BD63}.Debug|Any CPU.ActiveCfg = Debug|Any CPU
		{1F35B147-5D54-4470-9576-9EC6A763BD63}.Debug|Any CPU.Build.0 = Debug|Any CPU
		{1F35B147-5D54-4470-9576-9EC6A763BD63}.Release|Any CPU.ActiveCfg = Release|Any CPU
		{1F35B147-5D54-4470-9576-9EC6A763BD63}.Release|Any CPU.Build.0 = Release|Any CPU
	EndGlobalSection
	GlobalSection(SolutionProperties) = preSolution
		HideSolutionNode = FALSE
	EndGlobalSection
	GlobalSection(ExtensibilityGlobals) = postSolution
		SolutionGuid = {C9B18B0C-5815-4CA4-916C-6A3AB349EFCC}
	EndGlobalSection
EndGlobal
