
Microsoft Visual Studio Solution File, Format Version 12.00
# Visual Studio Version 17
VisualStudioVersion = 17.4.33213.308
MinimumVisualStudioVersion = 10.0.40219.1
Project("{9A19103F-16F7-4668-BE54-9A1E7A4F7556}") = "DistrChat", "DistrChat.csproj", "{F168EF92-9DC8-4F8D-911A-4FEB09292BB6}"
EndProject
Global
	GlobalSection(SolutionConfigurationPlatforms) = preSolution
		Debug|Any CPU = Debug|Any CPU
		Release|Any CPU = Release|Any CPU
	EndGlobalSection
	GlobalSection(ProjectConfigurationPlatforms) = postSolution
		{F168EF92-9DC8-4F8D-911A-4FEB09292BB6}.Debug|Any CPU.ActiveCfg = Debug|Any CPU
		{F168EF92-9DC8-4F8D-911A-4FEB09292BB6}.Debug|Any CPU.Build.0 = Debug|Any CPU
		{F168EF92-9DC8-4F8D-911A-4FEB09292BB6}.Release|Any CPU.ActiveCfg = Release|Any CPU
		{F168EF92-9DC8-4F8D-911A-4FEB09292BB6}.Release|Any CPU.Build.0 = Release|Any CPU
	EndGlobalSection
	GlobalSection(SolutionProperties) = preSolution
		HideSolutionNode = FALSE
	EndGlobalSection
	GlobalSection(ExtensibilityGlobals) = postSolution
		SolutionGuid = {B40A3679-F7D5-4356-B560-00190A149F7A}
	EndGlobalSection
EndGlobal
